// !$*UTF8*$!
{
	archiveVersion = 1;
	classes = {
	};
	objectVersion = 56;
	objects = {

/* Begin PBXBuildFile section */
		B44A1AD829BA928000E1BA30 /* Assets.xcassets in Resources */ = {isa = PBXBuildFile; fileRef = B4BE550429B9B76700533F3B /* Assets.xcassets */; };
		B457F04B29B0188E00CED7D6 /* AppDelegate.swift in Sources */ = {isa = PBXBuildFile; fileRef = B457F04A29B0188E00CED7D6 /* AppDelegate.swift */; };
		B457F04D29B0188E00CED7D6 /* SceneDelegate.swift in Sources */ = {isa = PBXBuildFile; fileRef = B457F04C29B0188E00CED7D6 /* SceneDelegate.swift */; };
		B457F04F29B0188E00CED7D6 /* ViewController.swift in Sources */ = {isa = PBXBuildFile; fileRef = B457F04E29B0188E00CED7D6 /* ViewController.swift */; };
		B457F05229B0188E00CED7D6 /* Main.storyboard in Resources */ = {isa = PBXBuildFile; fileRef = B457F05029B0188E00CED7D6 /* Main.storyboard */; };
		B4689D5A29B2861200B2DD62 /* ThirstySoftRegular.otf in Resources */ = {isa = PBXBuildFile; fileRef = B4689D5829B2861200B2DD62 /* ThirstySoftRegular.otf */; };
		B4689D5C29B2863400B2DD62 /* Delm-Medium.otf in Resources */ = {isa = PBXBuildFile; fileRef = B4689D5B29B2863400B2DD62 /* Delm-Medium.otf */; };
		B491914929C1C95E00D21E49 /* LayoutSelectionView.swift in Sources */ = {isa = PBXBuildFile; fileRef = B491914829C1C95D00D21E49 /* LayoutSelectionView.swift */; };
/* End PBXBuildFile section */

/* Begin PBXFileReference section */
		B457F04729B0188E00CED7D6 /* Projet4.app */ = {isa = PBXFileReference; explicitFileType = wrapper.application; includeInIndex = 0; path = Projet4.app; sourceTree = BUILT_PRODUCTS_DIR; };
		B457F04A29B0188E00CED7D6 /* AppDelegate.swift */ = {isa = PBXFileReference; lastKnownFileType = sourcecode.swift; path = AppDelegate.swift; sourceTree = "<group>"; };
		B457F04C29B0188E00CED7D6 /* SceneDelegate.swift */ = {isa = PBXFileReference; lastKnownFileType = sourcecode.swift; path = SceneDelegate.swift; sourceTree = "<group>"; };
		B457F04E29B0188E00CED7D6 /* ViewController.swift */ = {isa = PBXFileReference; lastKnownFileType = sourcecode.swift; path = ViewController.swift; sourceTree = "<group>"; };
		B457F05129B0188E00CED7D6 /* Base */ = {isa = PBXFileReference; lastKnownFileType = file.storyboard; name = Base; path = Base.lproj/Main.storyboard; sourceTree = "<group>"; };
		B457F05829B0189000CED7D6 /* Info.plist */ = {isa = PBXFileReference; lastKnownFileType = text.plist.xml; path = Info.plist; sourceTree = "<group>"; };
		B4689D5829B2861200B2DD62 /* ThirstySoftRegular.otf */ = {isa = PBXFileReference; lastKnownFileType = file; path = ThirstySoftRegular.otf; sourceTree = "<group>"; };
		B4689D5B29B2863400B2DD62 /* Delm-Medium.otf */ = {isa = PBXFileReference; lastKnownFileType = file; path = "Delm-Medium.otf"; sourceTree = "<group>"; };
		B491914829C1C95D00D21E49 /* LayoutSelectionView.swift */ = {isa = PBXFileReference; fileEncoding = 4; lastKnownFileType = sourcecode.swift; path = LayoutSelectionView.swift; sourceTree = "<group>"; };
		B4BE550429B9B76700533F3B /* Assets.xcassets */ = {isa = PBXFileReference; lastKnownFileType = folder.assetcatalog; path = Assets.xcassets; sourceTree = "<group>"; };
/* End PBXFileReference section */

/* Begin PBXFrameworksBuildPhase section */
		B457F04429B0188E00CED7D6 /* Frameworks */ = {
			isa = PBXFrameworksBuildPhase;
			buildActionMask = 2147483647;
			files = (
			);
			runOnlyForDeploymentPostprocessing = 0;
		};
/* End PBXFrameworksBuildPhase section */

/* Begin PBXGroup section */
		B457F03E29B0188E00CED7D6 = {
			isa = PBXGroup;
			children = (
				B457F04929B0188E00CED7D6 /* Projet4 */,
				B457F04829B0188E00CED7D6 /* Products */,
			);
			sourceTree = "<group>";
		};
		B457F04829B0188E00CED7D6 /* Products */ = {
			isa = PBXGroup;
			children = (
				B457F04729B0188E00CED7D6 /* Projet4.app */,
			);
			name = Products;
			sourceTree = "<group>";
		};
		B457F04929B0188E00CED7D6 /* Projet4 */ = {
			isa = PBXGroup;
			children = (
				B457F05829B0189000CED7D6 /* Info.plist */,
				B4C158C629D79B38007AB76D /* Data */,
				B4C158C529D79A35007AB76D /* Controller */,
				B4C158C429D799A6007AB76D /* View */,
			);
			path = Projet4;
			sourceTree = "<group>";
		};
		B4C158C429D799A6007AB76D /* View */ = {
			isa = PBXGroup;
			children = (
				B457F05029B0188E00CED7D6 /* Main.storyboard */,
			);
			path = View;
			sourceTree = "<group>";
		};
		B4C158C529D79A35007AB76D /* Controller */ = {
			isa = PBXGroup;
			children = (
				B457F04E29B0188E00CED7D6 /* ViewController.swift */,
				B491914829C1C95D00D21E49 /* LayoutSelectionView.swift */,
			);
			path = Controller;
			sourceTree = "<group>";
		};
		B4C158C629D79B38007AB76D /* Data */ = {
			isa = PBXGroup;
			children = (
				B4BE550429B9B76700533F3B /* Assets.xcassets */,
				B457F04C29B0188E00CED7D6 /* SceneDelegate.swift */,
				B457F04A29B0188E00CED7D6 /* AppDelegate.swift */,
				B4689D5B29B2863400B2DD62 /* Delm-Medium.otf */,
				B4689D5829B2861200B2DD62 /* ThirstySoftRegular.otf */,
			);
			path = Data;
			sourceTree = "<group>";
		};
/* End PBXGroup section */

/* Begin PBXNativeTarget section */
		B457F04629B0188E00CED7D6 /* Projet4 */ = {
			isa = PBXNativeTarget;
			buildConfigurationList = B457F05B29B0189000CED7D6 /* Build configuration list for PBXNativeTarget "Projet4" */;
			buildPhases = (
				B457F04329B0188E00CED7D6 /* Sources */,
				B457F04429B0188E00CED7D6 /* Frameworks */,
				B457F04529B0188E00CED7D6 /* Resources */,
				B484207029C137D700B55758 /* Run Script */,
			);
			buildRules = (
			);
			dependencies = (
			);
			name = Projet4;
			productName = Projet4;
			productReference = B457F04729B0188E00CED7D6 /* Projet4.app */;
			productType = "com.apple.product-type.application";
		};
/* End PBXNativeTarget section */

/* Begin PBXProject section */
		B457F03F29B0188E00CED7D6 /* Project object */ = {
			isa = PBXProject;
			attributes = {
				BuildIndependentTargetsInParallel = 1;
				LastSwiftUpdateCheck = 1420;
				LastUpgradeCheck = 1420;
				TargetAttributes = {
					B457F04629B0188E00CED7D6 = {
						CreatedOnToolsVersion = 14.2;
					};
				};
			};
			buildConfigurationList = B457F04229B0188E00CED7D6 /* Build configuration list for PBXProject "Projet4" */;
			compatibilityVersion = "Xcode 14.0";
			developmentRegion = en;
			hasScannedForEncodings = 0;
			knownRegions = (
				en,
				Base,
			);
			mainGroup = B457F03E29B0188E00CED7D6;
			productRefGroup = B457F04829B0188E00CED7D6 /* Products */;
			projectDirPath = "";
			projectRoot = "";
			targets = (
				B457F04629B0188E00CED7D6 /* Projet4 */,
			);
		};
/* End PBXProject section */

/* Begin PBXResourcesBuildPhase section */
		B457F04529B0188E00CED7D6 /* Resources */ = {
			isa = PBXResourcesBuildPhase;
			buildActionMask = 2147483647;
			files = (
				B44A1AD829BA928000E1BA30 /* Assets.xcassets in Resources */,
				B4689D5C29B2863400B2DD62 /* Delm-Medium.otf in Resources */,
				B4689D5A29B2861200B2DD62 /* ThirstySoftRegular.otf in Resources */,
				B457F05229B0188E00CED7D6 /* Main.storyboard in Resources */,
			);
			runOnlyForDeploymentPostprocessing = 0;
		};
/* End PBXResourcesBuildPhase section */

/* Begin PBXShellScriptBuildPhase section */
		B484207029C137D700B55758 /* Run Script */ = {
			isa = PBXShellScriptBuildPhase;
			buildActionMask = 2147483647;
			files = (
			);
			inputFileListPaths = (
			);
			inputPaths = (
			);
			name = "Run Script";
			outputFileListPaths = (
			);
			outputPaths = (
			);
			runOnlyForDeploymentPostprocessing = 0;
			shellPath = /bin/sh;
			shellScript = "
";
		};
/* End PBXShellScriptBuildPhase section */

/* Begin PBXSourcesBuildPhase section */
		B457F04329B0188E00CED7D6 /* Sources */ = {
			isa = PBXSourcesBuildPhase;
			buildActionMask = 2147483647;
			files = (
				B491914929C1C95E00D21E49 /* LayoutSelectionView.swift in Sources */,
				B457F04F29B0188E00CED7D6 /* ViewController.swift in Sources */,
				B457F04B29B0188E00CED7D6 /* AppDelegate.swift in Sources */,
				B457F04D29B0188E00CED7D6 /* SceneDelegate.swift in Sources */,
			);
			runOnlyForDeploymentPostprocessing = 0;
		};
/* End PBXSourcesBuildPhase section */

/* Begin PBXVariantGroup section */
		B457F05029B0188E00CED7D6 /* Main.storyboard */ = {
			isa = PBXVariantGroup;
			children = (
				B457F05129B0188E00CED7D6 /* Base */,
			);
			name = Main.storyboard;
			sourceTree = "<group>";
		};
/* End PBXVariantGroup section */

/* Begin XCBuildConfiguration section */
		B457F05929B0189000CED7D6 /* Debug */ = {
			isa = XCBuildConfiguration;
			buildSettings = {
				ALWAYS_SEARCH_USER_PATHS = NO;
				CLANG_ANALYZER_NONNULL = YES;
				CLANG_ANALYZER_NUMBER_OBJECT_CONVERSION = YES_AGGRESSIVE;
				CLANG_CXX_LANGUAGE_STANDARD = "gnu++20";
				CLANG_ENABLE_MODULES = YES;
				CLANG_ENABLE_OBJC_ARC = YES;
				CLANG_ENABLE_OBJC_WEAK = YES;
				CLANG_WARN_BLOCK_CAPTURE_AUTORELEASING = YES;
				CLANG_WARN_BOOL_CONVERSION = YES;
				CLANG_WARN_COMMA = YES;
				CLANG_WARN_CONSTANT_CONVERSION = YES;
				CLANG_WARN_DEPRECATED_OBJC_IMPLEMENTATIONS = YES;
				CLANG_WARN_DIRECT_OBJC_ISA_USAGE = YES_ERROR;
				CLANG_WARN_DOCUMENTATION_COMMENTS = YES;
				CLANG_WARN_EMPTY_BODY = YES;
				CLANG_WARN_ENUM_CONVERSION = YES;
				CLANG_WARN_INFINITE_RECURSION = YES;
				CLANG_WARN_INT_CONVERSION = YES;
				CLANG_WARN_NON_LITERAL_NULL_CONVERSION = YES;
				CLANG_WARN_OBJC_IMPLICIT_RETAIN_SELF = YES;
				CLANG_WARN_OBJC_LITERAL_CONVERSION = YES;
				CLANG_WARN_OBJC_ROOT_CLASS = YES_ERROR;
				CLANG_WARN_QUOTED_INCLUDE_IN_FRAMEWORK_HEADER = YES;
				CLANG_WARN_RANGE_LOOP_ANALYSIS = YES;
				CLANG_WARN_STRICT_PROTOTYPES = YES;
				CLANG_WARN_SUSPICIOUS_MOVE = YES;
				CLANG_WARN_UNGUARDED_AVAILABILITY = YES_AGGRESSIVE;
				CLANG_WARN_UNREACHABLE_CODE = YES;
				CLANG_WARN__DUPLICATE_METHOD_MATCH = YES;
				COPY_PHASE_STRIP = NO;
				DEBUG_INFORMATION_FORMAT = dwarf;
				ENABLE_STRICT_OBJC_MSGSEND = YES;
				ENABLE_TESTABILITY = YES;
				GCC_C_LANGUAGE_STANDARD = gnu11;
				GCC_DYNAMIC_NO_PIC = NO;
				GCC_NO_COMMON_BLOCKS = YES;
				GCC_OPTIMIZATION_LEVEL = 0;
				GCC_PREPROCESSOR_DEFINITIONS = (
					"DEBUG=1",
					"$(inherited)",
				);
				GCC_WARN_64_TO_32_BIT_CONVERSION = YES;
				GCC_WARN_ABOUT_RETURN_TYPE = YES_ERROR;
				GCC_WARN_UNDECLARED_SELECTOR = YES;
				GCC_WARN_UNINITIALIZED_AUTOS = YES_AGGRESSIVE;
				GCC_WARN_UNUSED_FUNCTION = YES;
				GCC_WARN_UNUSED_VARIABLE = YES;
				IPHONEOS_DEPLOYMENT_TARGET = 16.2;
				MTL_ENABLE_DEBUG_INFO = INCLUDE_SOURCE;
				MTL_FAST_MATH = YES;
				ONLY_ACTIVE_ARCH = YES;
				SDKROOT = iphoneos;
				SWIFT_ACTIVE_COMPILATION_CONDITIONS = DEBUG;
				SWIFT_OPTIMIZATION_LEVEL = "-Onone";
			};
			name = Debug;
		};
		B457F05A29B0189000CED7D6 /* Release */ = {
			isa = XCBuildConfiguration;
			buildSettings = {
				ALWAYS_SEARCH_USER_PATHS = NO;
				CLANG_ANALYZER_NONNULL = YES;
				CLANG_ANALYZER_NUMBER_OBJECT_CONVERSION = YES_AGGRESSIVE;
				CLANG_CXX_LANGUAGE_STANDARD = "gnu++20";
				CLANG_ENABLE_MODULES = YES;
				CLANG_ENABLE_OBJC_ARC = YES;
				CLANG_ENABLE_OBJC_WEAK = YES;
				CLANG_WARN_BLOCK_CAPTURE_AUTORELEASING = YES;
				CLANG_WARN_BOOL_CONVERSION = YES;
				CLANG_WARN_COMMA = YES;
				CLANG_WARN_CONSTANT_CONVERSION = YES;
				CLANG_WARN_DEPRECATED_OBJC_IMPLEMENTATIONS = YES;
				CLANG_WARN_DIRECT_OBJC_ISA_USAGE = YES_ERROR;
				CLANG_WARN_DOCUMENTATION_COMMENTS = YES;
				CLANG_WARN_EMPTY_BODY = YES;
				CLANG_WARN_ENUM_CONVERSION = YES;
				CLANG_WARN_INFINITE_RECURSION = YES;
				CLANG_WARN_INT_CONVERSION = YES;
				CLANG_WARN_NON_LITERAL_NULL_CONVERSION = YES;
				CLANG_WARN_OBJC_IMPLICIT_RETAIN_SELF = YES;
				CLANG_WARN_OBJC_LITERAL_CONVERSION = YES;
				CLANG_WARN_OBJC_ROOT_CLASS = YES_ERROR;
				CLANG_WARN_QUOTED_INCLUDE_IN_FRAMEWORK_HEADER = YES;
				CLANG_WARN_RANGE_LOOP_ANALYSIS = YES;
				CLANG_WARN_STRICT_PROTOTYPES = YES;
				CLANG_WARN_SUSPICIOUS_MOVE = YES;
				CLANG_WARN_UNGUARDED_AVAILABILITY = YES_AGGRESSIVE;
				CLANG_WARN_UNREACHABLE_CODE = YES;
				CLANG_WARN__DUPLICATE_METHOD_MATCH = YES;
				COPY_PHASE_STRIP = NO;
				DEBUG_INFORMATION_FORMAT = "dwarf-with-dsym";
				ENABLE_NS_ASSERTIONS = NO;
				ENABLE_STRICT_OBJC_MSGSEND = YES;
				GCC_C_LANGUAGE_STANDARD = gnu11;
				GCC_NO_COMMON_BLOCKS = YES;
				GCC_WARN_64_TO_32_BIT_CONVERSION = YES;
				GCC_WARN_ABOUT_RETURN_TYPE = YES_ERROR;
				GCC_WARN_UNDECLARED_SELECTOR = YES;
				GCC_WARN_UNINITIALIZED_AUTOS = YES_AGGRESSIVE;
				GCC_WARN_UNUSED_FUNCTION = YES;
				GCC_WARN_UNUSED_VARIABLE = YES;
				IPHONEOS_DEPLOYMENT_TARGET = 16.2;
				MTL_ENABLE_DEBUG_INFO = NO;
				MTL_FAST_MATH = YES;
				SDKROOT = iphoneos;
				SWIFT_COMPILATION_MODE = wholemodule;
				SWIFT_OPTIMIZATION_LEVEL = "-O";
				VALIDATE_PRODUCT = YES;
			};
			name = Release;
		};
		B457F05C29B0189000CED7D6 /* Debug */ = {
			isa = XCBuildConfiguration;
			buildSettings = {
				ASSETCATALOG_COMPILER_APPICON_NAME = AppIcon;
				ASSETCATALOG_COMPILER_GLOBAL_ACCENT_COLOR_NAME = AccentColor;
				CODE_SIGN_STYLE = Automatic;
				CURRENT_PROJECT_VERSION = 1;
				DEVELOPMENT_TEAM = 285377BMM7;
				GENERATE_INFOPLIST_FILE = YES;
				INFOPLIST_FILE = Projet4/Info.plist;
				INFOPLIST_KEY_UIApplicationSupportsIndirectInputEvents = YES;
				INFOPLIST_KEY_UILaunchStoryboardName = LaunchScreen;
				INFOPLIST_KEY_UIMainStoryboardFile = Main;
				INFOPLIST_KEY_UISupportedInterfaceOrientations_iPad = "UIInterfaceOrientationPortrait UIInterfaceOrientationPortraitUpsideDown UIInterfaceOrientationLandscapeLeft UIInterfaceOrientationLandscapeRight";
				INFOPLIST_KEY_UISupportedInterfaceOrientations_iPhone = "UIInterfaceOrientationPortrait UIInterfaceOrientationLandscapeLeft UIInterfaceOrientationLandscapeRight";
				LD_RUNPATH_SEARCH_PATHS = (
					"$(inherited)",
					"@executable_path/Frameworks",
				);
				MARKETING_VERSION = 1.0;
				PRODUCT_BUNDLE_IDENTIFIER = Lionel.Ekoue;
				PRODUCT_NAME = "$(TARGET_NAME)";
				SWIFT_EMIT_LOC_STRINGS = YES;
				SWIFT_VERSION = 5.0;
				TARGETED_DEVICE_FAMILY = "1,2";
			};
			name = Debug;
		};
		B457F05D29B0189000CED7D6 /* Release */ = {
			isa = XCBuildConfiguration;
			buildSettings = {
				ASSETCATALOG_COMPILER_APPICON_NAME = AppIcon;
				ASSETCATALOG_COMPILER_GLOBAL_ACCENT_COLOR_NAME = AccentColor;
				CODE_SIGN_STYLE = Automatic;
				CURRENT_PROJECT_VERSION = 1;
				DEVELOPMENT_TEAM = 285377BMM7;
				GENERATE_INFOPLIST_FILE = YES;
				INFOPLIST_FILE = Projet4/Info.plist;
				INFOPLIST_KEY_UIApplicationSupportsIndirectInputEvents = YES;
				INFOPLIST_KEY_UILaunchStoryboardName = LaunchScreen;
				INFOPLIST_KEY_UIMainStoryboardFile = Main;
				INFOPLIST_KEY_UISupportedInterfaceOrientations_iPad = "UIInterfaceOrientationPortrait UIInterfaceOrientationPortraitUpsideDown UIInterfaceOrientationLandscapeLeft UIInterfaceOrientationLandscapeRight";
				INFOPLIST_KEY_UISupportedInterfaceOrientations_iPhone = "UIInterfaceOrientationPortrait UIInterfaceOrientationLandscapeLeft UIInterfaceOrientationLandscapeRight";
				LD_RUNPATH_SEARCH_PATHS = (
					"$(inherited)",
					"@executable_path/Frameworks",
				);
				MARKETING_VERSION = 1.0;
				PRODUCT_BUNDLE_IDENTIFIER = Lionel.Ekoue;
				PRODUCT_NAME = "$(TARGET_NAME)";
				SWIFT_EMIT_LOC_STRINGS = YES;
				SWIFT_VERSION = 5.0;
				TARGETED_DEVICE_FAMILY = "1,2";
			};
			name = Release;
		};
/* End XCBuildConfiguration section */

/* Begin XCConfigurationList section */
		B457F04229B0188E00CED7D6 /* Build configuration list for PBXProject "Projet4" */ = {
			isa = XCConfigurationList;
			buildConfigurations = (
				B457F05929B0189000CED7D6 /* Debug */,
				B457F05A29B0189000CED7D6 /* Release */,
			);
			defaultConfigurationIsVisible = 0;
			defaultConfigurationName = Release;
		};
		B457F05B29B0189000CED7D6 /* Build configuration list for PBXNativeTarget "Projet4" */ = {
			isa = XCConfigurationList;
			buildConfigurations = (
				B457F05C29B0189000CED7D6 /* Debug */,
				B457F05D29B0189000CED7D6 /* Release */,
			);
			defaultConfigurationIsVisible = 0;
			defaultConfigurationName = Release;
		};
/* End XCConfigurationList section */
	};
	rootObject = B457F03F29B0188E00CED7D6 /* Project object */;
}
